
Microsoft Visual Studio Solution File, Format Version 12.00
# Visual Studio Version 16
VisualStudioVersion = 16.0.31205.134
MinimumVisualStudioVersion = 10.0.40219.1
Project("{8BC9CEB8-8B4A-11D0-8D11-00A0C91BC942}") = "CppGame", "CppGame.vcxproj", "{3AB9FFBE-DBE7-4D21-80E6-BE2CDCF0C01F}"
EndProject
Project("{8BC9CEB8-8B4A-11D0-8D11-00A0C91BC942}") = "Boid", "examples\Boid\Boid.vcxproj", "{1E081D40-B766-42CB-9ED8-02A37BD159A8}"
EndProject
Project("{8BC9CEB8-8B4A-11D0-8D11-00A0C91BC942}") = "Anim", "examples\Anim\Anim.vcxproj", "{49573744-0E7A-4D4B-8D65-A24148BD180A}"
EndProject
Global
	GlobalSection(SolutionConfigurationPlatforms) = preSolution
		Debug|x64 = Debug|x64
		Debug|x86 = Debug|x86
		Release|x64 = Release|x64
		Release|x86 = Release|x86
	EndGlobalSection
	GlobalSection(ProjectConfigurationPlatforms) = postSolution
		{3AB9FFBE-DBE7-4D21-80E6-BE2CDCF0C01F}.Debug|x64.ActiveCfg = Debug|x64
		{3AB9FFBE-DBE7-4D21-80E6-BE2CDCF0C01F}.Debug|x64.Build.0 = Debug|x64
		{3AB9FFBE-DBE7-4D21-80E6-BE2CDCF0C01F}.Debug|x86.ActiveCfg = Debug|Win32
		{3AB9FFBE-DBE7-4D21-80E6-BE2CDCF0C01F}.Debug|x86.Build.0 = Debug|Win32
		{3AB9FFBE-DBE7-4D21-80E6-BE2CDCF0C01F}.Release|x64.ActiveCfg = Release|x64
		{3AB9FFBE-DBE7-4D21-80E6-BE2CDCF0C01F}.Release|x64.Build.0 = Release|x64
		{3AB9FFBE-DBE7-4D21-80E6-BE2CDCF0C01F}.Release|x86.ActiveCfg = Release|Win32
		{3AB9FFBE-DBE7-4D21-80E6-BE2CDCF0C01F}.Release|x86.Build.0 = Release|Win32
		{1E081D40-B766-42CB-9ED8-02A37BD159A8}.Debug|x64.ActiveCfg = Debug|x64
		{1E081D40-B766-42CB-9ED8-02A37BD159A8}.Debug|x64.Build.0 = Debug|x64
		{1E081D40-B766-42CB-9ED8-02A37BD159A8}.Debug|x86.ActiveCfg = Debug|Win32
		{1E081D40-B766-42CB-9ED8-02A37BD159A8}.Debug|x86.Build.0 = Debug|Win32
		{1E081D40-B766-42CB-9ED8-02A37BD159A8}.Release|x64.ActiveCfg = Release|x64
		{1E081D40-B766-42CB-9ED8-02A37BD159A8}.Release|x64.Build.0 = Release|x64
		{1E081D40-B766-42CB-9ED8-02A37BD159A8}.Release|x86.ActiveCfg = Release|Win32
		{1E081D40-B766-42CB-9ED8-02A37BD159A8}.Release|x86.Build.0 = Release|Win32
		{49573744-0E7A-4D4B-8D65-A24148BD180A}.Debug|x64.ActiveCfg = Debug|x64
		{49573744-0E7A-4D4B-8D65-A24148BD180A}.Debug|x64.Build.0 = Debug|x64
		{49573744-0E7A-4D4B-8D65-A24148BD180A}.Debug|x86.ActiveCfg = Debug|Win32
		{49573744-0E7A-4D4B-8D65-A24148BD180A}.Debug|x86.Build.0 = Debug|Win32
		{49573744-0E7A-4D4B-8D65-A24148BD180A}.Release|x64.ActiveCfg = Release|x64
		{49573744-0E7A-4D4B-8D65-A24148BD180A}.Release|x64.Build.0 = Release|x64
		{49573744-0E7A-4D4B-8D65-A24148BD180A}.Release|x86.ActiveCfg = Release|Win32
		{49573744-0E7A-4D4B-8D65-A24148BD180A}.Release|x86.Build.0 = Release|Win32
	EndGlobalSection
	GlobalSection(SolutionProperties) = preSolution
		HideSolutionNode = FALSE
	EndGlobalSection
	GlobalSection(ExtensibilityGlobals) = postSolution
		SolutionGuid = {E156D895-64CB-475D-A7CC-FC84CC67FCD1}
	EndGlobalSection
EndGlobal
